
Microsoft Visual Studio Solution File, Format Version 12.00
# Visual Studio Version 16
VisualStudioVersion = 16.0.30523.141
MinimumVisualStudioVersion = 10.0.40219.1
Project("{9A19103F-16F7-4668-BE54-9A1E7A4F7556}") = "Core", "Core\Core.csproj", "{6B1D514E-8831-4A43-9994-848067283F0D}"
EndProject
Project("{9A19103F-16F7-4668-BE54-9A1E7A4F7556}") = "API", "API\API.csproj", "{9630C42A-B86B-4AE9-804C-EA018300A1FD}"
EndProject
Project("{9A19103F-16F7-4668-BE54-9A1E7A4F7556}") = "Infrastructure", "Infrastructure\Infrastructure.csproj", "{2720B7BE-4353-4F42-A30B-0AE5ADF5E719}"
EndProject
Global
	GlobalSection(SolutionConfigurationPlatforms) = preSolution
		Debug|Any CPU = Debug|Any CPU
		Release|Any CPU = Release|Any CPU
	EndGlobalSection
	GlobalSection(ProjectConfigurationPlatforms) = postSolution
		{6B1D514E-8831-4A43-9994-848067283F0D}.Debug|Any CPU.ActiveCfg = Debug|Any CPU
		{6B1D514E-8831-4A43-9994-848067283F0D}.Debug|Any CPU.Build.0 = Debug|Any CPU
		{6B1D514E-8831-4A43-9994-848067283F0D}.Release|Any CPU.ActiveCfg = Release|Any CPU
		{6B1D514E-8831-4A43-9994-848067283F0D}.Release|Any CPU.Build.0 = Release|Any CPU
		{9630C42A-B86B-4AE9-804C-EA018300A1FD}.Debug|Any CPU.ActiveCfg = Debug|Any CPU
		{9630C42A-B86B-4AE9-804C-EA018300A1FD}.Debug|Any CPU.Build.0 = Debug|Any CPU
		{9630C42A-B86B-4AE9-804C-EA018300A1FD}.Release|Any CPU.ActiveCfg = Release|Any CPU
		{9630C42A-B86B-4AE9-804C-EA018300A1FD}.Release|Any CPU.Build.0 = Release|Any CPU
		{2720B7BE-4353-4F42-A30B-0AE5ADF5E719}.Debug|Any CPU.ActiveCfg = Debug|Any CPU
		{2720B7BE-4353-4F42-A30B-0AE5ADF5E719}.Debug|Any CPU.Build.0 = Debug|Any CPU
		{2720B7BE-4353-4F42-A30B-0AE5ADF5E719}.Release|Any CPU.ActiveCfg = Release|Any CPU
		{2720B7BE-4353-4F42-A30B-0AE5ADF5E719}.Release|Any CPU.Build.0 = Release|Any CPU
	EndGlobalSection
	GlobalSection(SolutionProperties) = preSolution
		HideSolutionNode = FALSE
	EndGlobalSection
	GlobalSection(ExtensibilityGlobals) = postSolution
		SolutionGuid = {22DC30EC-98B9-4208-90CD-A20F75162170}
	EndGlobalSection
EndGlobal
